// !$*UTF8*$!
{
	archiveVersion = 1;
	classes = {
	};
	objectVersion = 56;
	objects = {

/* Begin PBXBuildFile section */
		AC28B3AA2C0F8B4C004DE797 /* CharacterListView.swift in Sources */ = {isa = PBXBuildFile; fileRef = AC28B3A92C0F8B4C004DE797 /* CharacterListView.swift */; };
		AC28B3AC2C0F8B97004DE797 /* FormView.swift in Sources */ = {isa = PBXBuildFile; fileRef = AC28B3AB2C0F8B97004DE797 /* FormView.swift */; };
		AC28B3AE2C0F8BC0004DE797 /* CharacterView.swift in Sources */ = {isa = PBXBuildFile; fileRef = AC28B3AD2C0F8BC0004DE797 /* CharacterView.swift */; };
		AC28B3B02C0F91D0004DE797 /* StoryTypeView.swift in Sources */ = {isa = PBXBuildFile; fileRef = AC28B3AF2C0F91D0004DE797 /* StoryTypeView.swift */; };
		ACAA6F572C0E4F7400EE3703 /* TellYaApp.swift in Sources */ = {isa = PBXBuildFile; fileRef = ACAA6F562C0E4F7400EE3703 /* TellYaApp.swift */; };
		ACAA6F592C0E4F7400EE3703 /* ContentView.swift in Sources */ = {isa = PBXBuildFile; fileRef = ACAA6F582C0E4F7400EE3703 /* ContentView.swift */; };
		ACAA6F5B2C0E4F7600EE3703 /* Assets.xcassets in Resources */ = {isa = PBXBuildFile; fileRef = ACAA6F5A2C0E4F7600EE3703 /* Assets.xcassets */; };
		ACAA6F5E2C0E4F7600EE3703 /* Preview Assets.xcassets in Resources */ = {isa = PBXBuildFile; fileRef = ACAA6F5D2C0E4F7600EE3703 /* Preview Assets.xcassets */; };
		ACAA6F652C0F290100EE3703 /* StoryBookView.swift in Sources */ = {isa = PBXBuildFile; fileRef = ACAA6F642C0F290100EE3703 /* StoryBookView.swift */; };
		ACAA6F672C0F52D000EE3703 /* TellYaApi.swift in Sources */ = {isa = PBXBuildFile; fileRef = ACAA6F662C0F52D000EE3703 /* TellYaApi.swift */; };
		ACAA6F6A2C0F53E900EE3703 /* StoryResponse.swift in Sources */ = {isa = PBXBuildFile; fileRef = ACAA6F692C0F53E900EE3703 /* StoryResponse.swift */; };
		ACAA6F6C2C0F5D6800EE3703 /* StoryRequest.swift in Sources */ = {isa = PBXBuildFile; fileRef = ACAA6F6B2C0F5D6800EE3703 /* StoryRequest.swift */; };
		ACAA6F6E2C0F5E0A00EE3703 /* ThemeEnum.swift in Sources */ = {isa = PBXBuildFile; fileRef = ACAA6F6D2C0F5E0A00EE3703 /* ThemeEnum.swift */; };
		ACAA6F702C0F5F0900EE3703 /* PlaceEnum.swift in Sources */ = {isa = PBXBuildFile; fileRef = ACAA6F6F2C0F5F0900EE3703 /* PlaceEnum.swift */; };
		ACAA6F722C0F5FC100EE3703 /* Elements.swift in Sources */ = {isa = PBXBuildFile; fileRef = ACAA6F712C0F5FC100EE3703 /* Elements.swift */; };
		ACAA6F752C0F7B3E00EE3703 /* MainService.swift in Sources */ = {isa = PBXBuildFile; fileRef = ACAA6F742C0F7B3E00EE3703 /* MainService.swift */; };
/* End PBXBuildFile section */

/* Begin PBXFileReference section */
		AC28B3A92C0F8B4C004DE797 /* CharacterListView.swift */ = {isa = PBXFileReference; lastKnownFileType = sourcecode.swift; path = CharacterListView.swift; sourceTree = "<group>"; };
		AC28B3AB2C0F8B97004DE797 /* FormView.swift */ = {isa = PBXFileReference; lastKnownFileType = sourcecode.swift; path = FormView.swift; sourceTree = "<group>"; };
		AC28B3AD2C0F8BC0004DE797 /* CharacterView.swift */ = {isa = PBXFileReference; lastKnownFileType = sourcecode.swift; path = CharacterView.swift; sourceTree = "<group>"; };
		AC28B3AF2C0F91D0004DE797 /* StoryTypeView.swift */ = {isa = PBXFileReference; lastKnownFileType = sourcecode.swift; path = StoryTypeView.swift; sourceTree = "<group>"; };
		ACAA6F532C0E4F7400EE3703 /* Hackathon-Team5.app */ = {isa = PBXFileReference; explicitFileType = wrapper.application; includeInIndex = 0; path = "Hackathon-Team5.app"; sourceTree = BUILT_PRODUCTS_DIR; };
		ACAA6F562C0E4F7400EE3703 /* TellYaApp.swift */ = {isa = PBXFileReference; lastKnownFileType = sourcecode.swift; path = TellYaApp.swift; sourceTree = "<group>"; };
		ACAA6F582C0E4F7400EE3703 /* ContentView.swift */ = {isa = PBXFileReference; lastKnownFileType = sourcecode.swift; path = ContentView.swift; sourceTree = "<group>"; };
		ACAA6F5A2C0E4F7600EE3703 /* Assets.xcassets */ = {isa = PBXFileReference; lastKnownFileType = folder.assetcatalog; path = Assets.xcassets; sourceTree = "<group>"; };
		ACAA6F5D2C0E4F7600EE3703 /* Preview Assets.xcassets */ = {isa = PBXFileReference; lastKnownFileType = folder.assetcatalog; path = "Preview Assets.xcassets"; sourceTree = "<group>"; };
		ACAA6F642C0F290100EE3703 /* StoryBookView.swift */ = {isa = PBXFileReference; lastKnownFileType = sourcecode.swift; path = StoryBookView.swift; sourceTree = "<group>"; };
		ACAA6F662C0F52D000EE3703 /* TellYaApi.swift */ = {isa = PBXFileReference; lastKnownFileType = sourcecode.swift; path = TellYaApi.swift; sourceTree = "<group>"; xcLanguageSpecificationIdentifier = xcode.lang.swift; };
		ACAA6F692C0F53E900EE3703 /* StoryResponse.swift */ = {isa = PBXFileReference; lastKnownFileType = sourcecode.swift; path = StoryResponse.swift; sourceTree = "<group>"; };
		ACAA6F6B2C0F5D6800EE3703 /* StoryRequest.swift */ = {isa = PBXFileReference; lastKnownFileType = sourcecode.swift; path = StoryRequest.swift; sourceTree = "<group>"; };
		ACAA6F6D2C0F5E0A00EE3703 /* ThemeEnum.swift */ = {isa = PBXFileReference; lastKnownFileType = sourcecode.swift; path = ThemeEnum.swift; sourceTree = "<group>"; };
		ACAA6F6F2C0F5F0900EE3703 /* PlaceEnum.swift */ = {isa = PBXFileReference; lastKnownFileType = sourcecode.swift; path = PlaceEnum.swift; sourceTree = "<group>"; };
		ACAA6F712C0F5FC100EE3703 /* Elements.swift */ = {isa = PBXFileReference; lastKnownFileType = sourcecode.swift; path = Elements.swift; sourceTree = "<group>"; };
		ACAA6F742C0F7B3E00EE3703 /* MainService.swift */ = {isa = PBXFileReference; lastKnownFileType = sourcecode.swift; path = MainService.swift; sourceTree = "<group>"; };
/* End PBXFileReference section */

/* Begin PBXFrameworksBuildPhase section */
		ACAA6F502C0E4F7400EE3703 /* Frameworks */ = {
			isa = PBXFrameworksBuildPhase;
			buildActionMask = 2147483647;
			files = (
			);
			runOnlyForDeploymentPostprocessing = 0;
		};
/* End PBXFrameworksBuildPhase section */

/* Begin PBXGroup section */
		AC28B3A82C0F8B1C004DE797 /* Views */ = {
			isa = PBXGroup;
			children = (
				ACAA6F582C0E4F7400EE3703 /* ContentView.swift */,
				ACAA6F642C0F290100EE3703 /* StoryBookView.swift */,
				AC28B3AF2C0F91D0004DE797 /* StoryTypeView.swift */,
				AC28B3A92C0F8B4C004DE797 /* CharacterListView.swift */,
				AC28B3AD2C0F8BC0004DE797 /* CharacterView.swift */,
				AC28B3AB2C0F8B97004DE797 /* FormView.swift */,
			);
			path = Views;
			sourceTree = "<group>";
		};
		ACAA6F4A2C0E4F7400EE3703 = {
			isa = PBXGroup;
			children = (
				ACAA6F552C0E4F7400EE3703 /* Hackathon-Team5 */,
				ACAA6F542C0E4F7400EE3703 /* Products */,
			);
			sourceTree = "<group>";
		};
		ACAA6F542C0E4F7400EE3703 /* Products */ = {
			isa = PBXGroup;
			children = (
				ACAA6F532C0E4F7400EE3703 /* Hackathon-Team5.app */,
			);
			name = Products;
			sourceTree = "<group>";
		};
		ACAA6F552C0E4F7400EE3703 /* Hackathon-Team5 */ = {
			isa = PBXGroup;
			children = (
				ACAA6F682C0F53D700EE3703 /* Api */,
				ACAA6F732C0F754300EE3703 /* Model */,
				AC28B3A82C0F8B1C004DE797 /* Views */,
				ACAA6F562C0E4F7400EE3703 /* TellYaApp.swift */,
				ACAA6F5A2C0E4F7600EE3703 /* Assets.xcassets */,
				ACAA6F5C2C0E4F7600EE3703 /* Preview Content */,
			);
			path = "Hackathon-Team5";
			sourceTree = "<group>";
		};
		ACAA6F5C2C0E4F7600EE3703 /* Preview Content */ = {
			isa = PBXGroup;
			children = (
				ACAA6F5D2C0E4F7600EE3703 /* Preview Assets.xcassets */,
			);
			path = "Preview Content";
			sourceTree = "<group>";
		};
		ACAA6F682C0F53D700EE3703 /* Api */ = {
			isa = PBXGroup;
			children = (
				ACAA6F662C0F52D000EE3703 /* TellYaApi.swift */,
				ACAA6F692C0F53E900EE3703 /* StoryResponse.swift */,
				ACAA6F6B2C0F5D6800EE3703 /* StoryRequest.swift */,
				ACAA6F742C0F7B3E00EE3703 /* MainService.swift */,
			);
			path = Api;
			sourceTree = "<group>";
		};
		ACAA6F732C0F754300EE3703 /* Model */ = {
			isa = PBXGroup;
			children = (
				ACAA6F6D2C0F5E0A00EE3703 /* ThemeEnum.swift */,
				ACAA6F6F2C0F5F0900EE3703 /* PlaceEnum.swift */,
				ACAA6F712C0F5FC100EE3703 /* Elements.swift */,
			);
			path = Model;
			sourceTree = "<group>";
		};
/* End PBXGroup section */

/* Begin PBXNativeTarget section */
		ACAA6F522C0E4F7400EE3703 /* Hackathon-Team5 */ = {
			isa = PBXNativeTarget;
			buildConfigurationList = ACAA6F612C0E4F7600EE3703 /* Build configuration list for PBXNativeTarget "Hackathon-Team5" */;
			buildPhases = (
				ACAA6F4F2C0E4F7400EE3703 /* Sources */,
				ACAA6F502C0E4F7400EE3703 /* Frameworks */,
				ACAA6F512C0E4F7400EE3703 /* Resources */,
			);
			buildRules = (
			);
			dependencies = (
			);
			name = "Hackathon-Team5";
			productName = "Hackathon-Team5";
			productReference = ACAA6F532C0E4F7400EE3703 /* Hackathon-Team5.app */;
			productType = "com.apple.product-type.application";
		};
/* End PBXNativeTarget section */

/* Begin PBXProject section */
		ACAA6F4B2C0E4F7400EE3703 /* Project object */ = {
			isa = PBXProject;
			attributes = {
				BuildIndependentTargetsInParallel = 1;
				LastSwiftUpdateCheck = 1530;
				LastUpgradeCheck = 1530;
				TargetAttributes = {
					ACAA6F522C0E4F7400EE3703 = {
						CreatedOnToolsVersion = 15.3;
					};
				};
			};
			buildConfigurationList = ACAA6F4E2C0E4F7400EE3703 /* Build configuration list for PBXProject "Hackathon-Team5" */;
			compatibilityVersion = "Xcode 14.0";
			developmentRegion = en;
			hasScannedForEncodings = 0;
			knownRegions = (
				en,
				Base,
			);
			mainGroup = ACAA6F4A2C0E4F7400EE3703;
			productRefGroup = ACAA6F542C0E4F7400EE3703 /* Products */;
			projectDirPath = "";
			projectRoot = "";
			targets = (
				ACAA6F522C0E4F7400EE3703 /* Hackathon-Team5 */,
			);
		};
/* End PBXProject section */

/* Begin PBXResourcesBuildPhase section */
		ACAA6F512C0E4F7400EE3703 /* Resources */ = {
			isa = PBXResourcesBuildPhase;
			buildActionMask = 2147483647;
			files = (
				ACAA6F5E2C0E4F7600EE3703 /* Preview Assets.xcassets in Resources */,
				ACAA6F5B2C0E4F7600EE3703 /* Assets.xcassets in Resources */,
			);
			runOnlyForDeploymentPostprocessing = 0;
		};
/* End PBXResourcesBuildPhase section */

/* Begin PBXSourcesBuildPhase section */
		ACAA6F4F2C0E4F7400EE3703 /* Sources */ = {
			isa = PBXSourcesBuildPhase;
			buildActionMask = 2147483647;
			files = (
				AC28B3B02C0F91D0004DE797 /* StoryTypeView.swift in Sources */,
				AC28B3AC2C0F8B97004DE797 /* FormView.swift in Sources */,
				AC28B3AA2C0F8B4C004DE797 /* CharacterListView.swift in Sources */,
				ACAA6F652C0F290100EE3703 /* StoryBookView.swift in Sources */,
				ACAA6F592C0E4F7400EE3703 /* ContentView.swift in Sources */,
				AC28B3AE2C0F8BC0004DE797 /* CharacterView.swift in Sources */,
				ACAA6F722C0F5FC100EE3703 /* Elements.swift in Sources */,
				ACAA6F572C0E4F7400EE3703 /* TellYaApp.swift in Sources */,
				ACAA6F6C2C0F5D6800EE3703 /* StoryRequest.swift in Sources */,
				ACAA6F702C0F5F0900EE3703 /* PlaceEnum.swift in Sources */,
				ACAA6F752C0F7B3E00EE3703 /* MainService.swift in Sources */,
				ACAA6F6E2C0F5E0A00EE3703 /* ThemeEnum.swift in Sources */,
				ACAA6F672C0F52D000EE3703 /* TellYaApi.swift in Sources */,
				ACAA6F6A2C0F53E900EE3703 /* StoryResponse.swift in Sources */,
			);
			runOnlyForDeploymentPostprocessing = 0;
		};
/* End PBXSourcesBuildPhase section */

/* Begin XCBuildConfiguration section */
		ACAA6F5F2C0E4F7600EE3703 /* Debug */ = {
			isa = XCBuildConfiguration;
			buildSettings = {
				ALWAYS_SEARCH_USER_PATHS = NO;
				ASSETCATALOG_COMPILER_GENERATE_SWIFT_ASSET_SYMBOL_EXTENSIONS = YES;
				CLANG_ANALYZER_NONNULL = YES;
				CLANG_ANALYZER_NUMBER_OBJECT_CONVERSION = YES_AGGRESSIVE;
				CLANG_CXX_LANGUAGE_STANDARD = "gnu++20";
				CLANG_ENABLE_MODULES = YES;
				CLANG_ENABLE_OBJC_ARC = YES;
				CLANG_ENABLE_OBJC_WEAK = YES;
				CLANG_WARN_BLOCK_CAPTURE_AUTORELEASING = YES;
				CLANG_WARN_BOOL_CONVERSION = YES;
				CLANG_WARN_COMMA = YES;
				CLANG_WARN_CONSTANT_CONVERSION = YES;
				CLANG_WARN_DEPRECATED_OBJC_IMPLEMENTATIONS = YES;
				CLANG_WARN_DIRECT_OBJC_ISA_USAGE = YES_ERROR;
				CLANG_WARN_DOCUMENTATION_COMMENTS = YES;
				CLANG_WARN_EMPTY_BODY = YES;
				CLANG_WARN_ENUM_CONVERSION = YES;
				CLANG_WARN_INFINITE_RECURSION = YES;
				CLANG_WARN_INT_CONVERSION = YES;
				CLANG_WARN_NON_LITERAL_NULL_CONVERSION = YES;
				CLANG_WARN_OBJC_IMPLICIT_RETAIN_SELF = YES;
				CLANG_WARN_OBJC_LITERAL_CONVERSION = YES;
				CLANG_WARN_OBJC_ROOT_CLASS = YES_ERROR;
				CLANG_WARN_QUOTED_INCLUDE_IN_FRAMEWORK_HEADER = YES;
				CLANG_WARN_RANGE_LOOP_ANALYSIS = YES;
				CLANG_WARN_STRICT_PROTOTYPES = YES;
				CLANG_WARN_SUSPICIOUS_MOVE = YES;
				CLANG_WARN_UNGUARDED_AVAILABILITY = YES_AGGRESSIVE;
				CLANG_WARN_UNREACHABLE_CODE = YES;
				CLANG_WARN__DUPLICATE_METHOD_MATCH = YES;
				COPY_PHASE_STRIP = NO;
				DEBUG_INFORMATION_FORMAT = dwarf;
				ENABLE_STRICT_OBJC_MSGSEND = YES;
				ENABLE_TESTABILITY = YES;
				ENABLE_USER_SCRIPT_SANDBOXING = YES;
				GCC_C_LANGUAGE_STANDARD = gnu17;
				GCC_DYNAMIC_NO_PIC = NO;
				GCC_NO_COMMON_BLOCKS = YES;
				GCC_OPTIMIZATION_LEVEL = 0;
				GCC_PREPROCESSOR_DEFINITIONS = (
					"DEBUG=1",
					"$(inherited)",
				);
				GCC_WARN_64_TO_32_BIT_CONVERSION = YES;
				GCC_WARN_ABOUT_RETURN_TYPE = YES_ERROR;
				GCC_WARN_UNDECLARED_SELECTOR = YES;
				GCC_WARN_UNINITIALIZED_AUTOS = YES_AGGRESSIVE;
				GCC_WARN_UNUSED_FUNCTION = YES;
				GCC_WARN_UNUSED_VARIABLE = YES;
				IPHONEOS_DEPLOYMENT_TARGET = 17.4;
				LOCALIZATION_PREFERS_STRING_CATALOGS = YES;
				MTL_ENABLE_DEBUG_INFO = INCLUDE_SOURCE;
				MTL_FAST_MATH = YES;
				ONLY_ACTIVE_ARCH = YES;
				SDKROOT = iphoneos;
				SWIFT_ACTIVE_COMPILATION_CONDITIONS = "DEBUG $(inherited)";
				SWIFT_OPTIMIZATION_LEVEL = "-Onone";
			};
			name = Debug;
		};
		ACAA6F602C0E4F7600EE3703 /* Release */ = {
			isa = XCBuildConfiguration;
			buildSettings = {
				ALWAYS_SEARCH_USER_PATHS = NO;
				ASSETCATALOG_COMPILER_GENERATE_SWIFT_ASSET_SYMBOL_EXTENSIONS = YES;
				CLANG_ANALYZER_NONNULL = YES;
				CLANG_ANALYZER_NUMBER_OBJECT_CONVERSION = YES_AGGRESSIVE;
				CLANG_CXX_LANGUAGE_STANDARD = "gnu++20";
				CLANG_ENABLE_MODULES = YES;
				CLANG_ENABLE_OBJC_ARC = YES;
				CLANG_ENABLE_OBJC_WEAK = YES;
				CLANG_WARN_BLOCK_CAPTURE_AUTORELEASING = YES;
				CLANG_WARN_BOOL_CONVERSION = YES;
				CLANG_WARN_COMMA = YES;
				CLANG_WARN_CONSTANT_CONVERSION = YES;
				CLANG_WARN_DEPRECATED_OBJC_IMPLEMENTATIONS = YES;
				CLANG_WARN_DIRECT_OBJC_ISA_USAGE = YES_ERROR;
				CLANG_WARN_DOCUMENTATION_COMMENTS = YES;
				CLANG_WARN_EMPTY_BODY = YES;
				CLANG_WARN_ENUM_CONVERSION = YES;
				CLANG_WARN_INFINITE_RECURSION = YES;
				CLANG_WARN_INT_CONVERSION = YES;
				CLANG_WARN_NON_LITERAL_NULL_CONVERSION = YES;
				CLANG_WARN_OBJC_IMPLICIT_RETAIN_SELF = YES;
				CLANG_WARN_OBJC_LITERAL_CONVERSION = YES;
				CLANG_WARN_OBJC_ROOT_CLASS = YES_ERROR;
				CLANG_WARN_QUOTED_INCLUDE_IN_FRAMEWORK_HEADER = YES;
				CLANG_WARN_RANGE_LOOP_ANALYSIS = YES;
				CLANG_WARN_STRICT_PROTOTYPES = YES;
				CLANG_WARN_SUSPICIOUS_MOVE = YES;
				CLANG_WARN_UNGUARDED_AVAILABILITY = YES_AGGRESSIVE;
				CLANG_WARN_UNREACHABLE_CODE = YES;
				CLANG_WARN__DUPLICATE_METHOD_MATCH = YES;
				COPY_PHASE_STRIP = NO;
				DEBUG_INFORMATION_FORMAT = "dwarf-with-dsym";
				ENABLE_NS_ASSERTIONS = NO;
				ENABLE_STRICT_OBJC_MSGSEND = YES;
				ENABLE_USER_SCRIPT_SANDBOXING = YES;
				GCC_C_LANGUAGE_STANDARD = gnu17;
				GCC_NO_COMMON_BLOCKS = YES;
				GCC_WARN_64_TO_32_BIT_CONVERSION = YES;
				GCC_WARN_ABOUT_RETURN_TYPE = YES_ERROR;
				GCC_WARN_UNDECLARED_SELECTOR = YES;
				GCC_WARN_UNINITIALIZED_AUTOS = YES_AGGRESSIVE;
				GCC_WARN_UNUSED_FUNCTION = YES;
				GCC_WARN_UNUSED_VARIABLE = YES;
				IPHONEOS_DEPLOYMENT_TARGET = 17.4;
				LOCALIZATION_PREFERS_STRING_CATALOGS = YES;
				MTL_ENABLE_DEBUG_INFO = NO;
				MTL_FAST_MATH = YES;
				SDKROOT = iphoneos;
				SWIFT_COMPILATION_MODE = wholemodule;
				VALIDATE_PRODUCT = YES;
			};
			name = Release;
		};
		ACAA6F622C0E4F7600EE3703 /* Debug */ = {
			isa = XCBuildConfiguration;
			buildSettings = {
				ASSETCATALOG_COMPILER_APPICON_NAME = AppIcon;
				ASSETCATALOG_COMPILER_GLOBAL_ACCENT_COLOR_NAME = AccentColor;
				CODE_SIGN_STYLE = Automatic;
				CURRENT_PROJECT_VERSION = 1;
				DEVELOPMENT_ASSET_PATHS = "\"Hackathon-Team5/Preview Content\"";
				ENABLE_PREVIEWS = YES;
				GENERATE_INFOPLIST_FILE = YES;
				INFOPLIST_KEY_UIApplicationSceneManifest_Generation = YES;
				INFOPLIST_KEY_UIApplicationSupportsIndirectInputEvents = YES;
				INFOPLIST_KEY_UILaunchScreen_Generation = YES;
				INFOPLIST_KEY_UISupportedInterfaceOrientations_iPad = "UIInterfaceOrientationPortrait UIInterfaceOrientationPortraitUpsideDown UIInterfaceOrientationLandscapeLeft UIInterfaceOrientationLandscapeRight";
				INFOPLIST_KEY_UISupportedInterfaceOrientations_iPhone = "UIInterfaceOrientationPortrait UIInterfaceOrientationLandscapeLeft UIInterfaceOrientationLandscapeRight";
				LD_RUNPATH_SEARCH_PATHS = (
					"$(inherited)",
					"@executable_path/Frameworks",
				);
				MARKETING_VERSION = 1.0;
				PRODUCT_BUNDLE_IDENTIFIER = "cc.fuze.Hackathon-Team5";
				PRODUCT_NAME = "$(TARGET_NAME)";
				SWIFT_EMIT_LOC_STRINGS = YES;
				SWIFT_VERSION = 5.0;
				TARGETED_DEVICE_FAMILY = "1,2";
			};
			name = Debug;
		};
		ACAA6F632C0E4F7600EE3703 /* Release */ = {
			isa = XCBuildConfiguration;
			buildSettings = {
				ASSETCATALOG_COMPILER_APPICON_NAME = AppIcon;
				ASSETCATALOG_COMPILER_GLOBAL_ACCENT_COLOR_NAME = AccentColor;
				CODE_SIGN_STYLE = Automatic;
				CURRENT_PROJECT_VERSION = 1;
				DEVELOPMENT_ASSET_PATHS = "\"Hackathon-Team5/Preview Content\"";
				ENABLE_PREVIEWS = YES;
				GENERATE_INFOPLIST_FILE = YES;
				INFOPLIST_KEY_UIApplicationSceneManifest_Generation = YES;
				INFOPLIST_KEY_UIApplicationSupportsIndirectInputEvents = YES;
				INFOPLIST_KEY_UILaunchScreen_Generation = YES;
				INFOPLIST_KEY_UISupportedInterfaceOrientations_iPad = "UIInterfaceOrientationPortrait UIInterfaceOrientationPortraitUpsideDown UIInterfaceOrientationLandscapeLeft UIInterfaceOrientationLandscapeRight";
				INFOPLIST_KEY_UISupportedInterfaceOrientations_iPhone = "UIInterfaceOrientationPortrait UIInterfaceOrientationLandscapeLeft UIInterfaceOrientationLandscapeRight";
				LD_RUNPATH_SEARCH_PATHS = (
					"$(inherited)",
					"@executable_path/Frameworks",
				);
				MARKETING_VERSION = 1.0;
				PRODUCT_BUNDLE_IDENTIFIER = "cc.fuze.Hackathon-Team5";
				PRODUCT_NAME = "$(TARGET_NAME)";
				SWIFT_EMIT_LOC_STRINGS = YES;
				SWIFT_VERSION = 5.0;
				TARGETED_DEVICE_FAMILY = "1,2";
			};
			name = Release;
		};
/* End XCBuildConfiguration section */

/* Begin XCConfigurationList section */
		ACAA6F4E2C0E4F7400EE3703 /* Build configuration list for PBXProject "Hackathon-Team5" */ = {
			isa = XCConfigurationList;
			buildConfigurations = (
				ACAA6F5F2C0E4F7600EE3703 /* Debug */,
				ACAA6F602C0E4F7600EE3703 /* Release */,
			);
			defaultConfigurationIsVisible = 0;
			defaultConfigurationName = Release;
		};
		ACAA6F612C0E4F7600EE3703 /* Build configuration list for PBXNativeTarget "Hackathon-Team5" */ = {
			isa = XCConfigurationList;
			buildConfigurations = (
				ACAA6F622C0E4F7600EE3703 /* Debug */,
				ACAA6F632C0E4F7600EE3703 /* Release */,
			);
			defaultConfigurationIsVisible = 0;
			defaultConfigurationName = Release;
		};
/* End XCConfigurationList section */
	};
	rootObject = ACAA6F4B2C0E4F7400EE3703 /* Project object */;
}
